
Microsoft Visual Studio Solution File, Format Version 12.00
# Visual Studio Version 16
VisualStudioVersion = 16.0.29403.142
MinimumVisualStudioVersion = 10.0.40219.1
Project("{FAE04EC0-301F-11D3-BF4B-00C04F79EFBC}") = "OOPS", "OOPS\OOPS.csproj", "{3FF5111B-0179-43AA-A212-3557B982EDAB}"
EndProject
Project("{FAE04EC0-301F-11D3-BF4B-00C04F79EFBC}") = "CoreMVCApp", "CoreMVCApp\CoreMVCApp.csproj", "{50C2603C-7AA2-47F0-AF59-172C533C713A}"
EndProject
Global
	GlobalSection(SolutionConfigurationPlatforms) = preSolution
		Debug|Any CPU = Debug|Any CPU
		Release|Any CPU = Release|Any CPU
	EndGlobalSection
	GlobalSection(ProjectConfigurationPlatforms) = postSolution
		{3FF5111B-0179-43AA-A212-3557B982EDAB}.Debug|Any CPU.ActiveCfg = Debug|Any CPU
		{3FF5111B-0179-43AA-A212-3557B982EDAB}.Debug|Any CPU.Build.0 = Debug|Any CPU
		{3FF5111B-0179-43AA-A212-3557B982EDAB}.Release|Any CPU.ActiveCfg = Release|Any CPU
		{3FF5111B-0179-43AA-A212-3557B982EDAB}.Release|Any CPU.Build.0 = Release|Any CPU
		{50C2603C-7AA2-47F0-AF59-172C533C713A}.Debug|Any CPU.ActiveCfg = Debug|Any CPU
		{50C2603C-7AA2-47F0-AF59-172C533C713A}.Debug|Any CPU.Build.0 = Debug|Any CPU
		{50C2603C-7AA2-47F0-AF59-172C533C713A}.Release|Any CPU.ActiveCfg = Release|Any CPU
		{50C2603C-7AA2-47F0-AF59-172C533C713A}.Release|Any CPU.Build.0 = Release|Any CPU
	EndGlobalSection
	GlobalSection(SolutionProperties) = preSolution
		HideSolutionNode = FALSE
	EndGlobalSection
	GlobalSection(ExtensibilityGlobals) = postSolution
		SolutionGuid = {378E18E0-923F-4EC7-A0EB-0F3816821DB4}
	EndGlobalSection
EndGlobal
